
Microsoft Visual Studio Solution File, Format Version 12.00
# Visual Studio Version 17
VisualStudioVersion = 17.4.33110.190
MinimumVisualStudioVersion = 10.0.40219.1
Project("{8BC9CEB8-8B4A-11D0-8D11-00A0C91BC942}") = "Project18", "Project18\Project18.vcxproj", "{707DCE9C-2238-4D7F-98FD-003C562E9D4B}"
EndProject
Global
	GlobalSection(SolutionConfigurationPlatforms) = preSolution
		Debug|x64 = Debug|x64
		Debug|x86 = Debug|x86
		Release|x64 = Release|x64
		Release|x86 = Release|x86
	EndGlobalSection
	GlobalSection(ProjectConfigurationPlatforms) = postSolution
		{707DCE9C-2238-4D7F-98FD-003C562E9D4B}.Debug|x64.ActiveCfg = Debug|x64
		{707DCE9C-2238-4D7F-98FD-003C562E9D4B}.Debug|x64.Build.0 = Debug|x64
		{707DCE9C-2238-4D7F-98FD-003C562E9D4B}.Debug|x86.ActiveCfg = Debug|Win32
		{707DCE9C-2238-4D7F-98FD-003C562E9D4B}.Debug|x86.Build.0 = Debug|Win32
		{707DCE9C-2238-4D7F-98FD-003C562E9D4B}.Release|x64.ActiveCfg = Release|x64
		{707DCE9C-2238-4D7F-98FD-003C562E9D4B}.Release|x64.Build.0 = Release|x64
		{707DCE9C-2238-4D7F-98FD-003C562E9D4B}.Release|x86.ActiveCfg = Release|Win32
		{707DCE9C-2238-4D7F-98FD-003C562E9D4B}.Release|x86.Build.0 = Release|Win32
	EndGlobalSection
	GlobalSection(SolutionProperties) = preSolution
		HideSolutionNode = FALSE
	EndGlobalSection
	GlobalSection(ExtensibilityGlobals) = postSolution
		SolutionGuid = {E3B863AE-61A6-4B4B-9AA3-4D17BA39C955}
	EndGlobalSection
EndGlobal
