
Microsoft Visual Studio Solution File, Format Version 12.00
# Visual Studio Version 17
VisualStudioVersion = 17.4.33110.190
MinimumVisualStudioVersion = 10.0.40219.1
Project("{8BC9CEB8-8B4A-11D0-8D11-00A0C91BC942}") = "Project44", "Project44\Project44.vcxproj", "{C2F73D4A-4174-4C7C-B5D4-114C085F2432}"
EndProject
Global
	GlobalSection(SolutionConfigurationPlatforms) = preSolution
		Debug|x64 = Debug|x64
		Debug|x86 = Debug|x86
		Release|x64 = Release|x64
		Release|x86 = Release|x86
	EndGlobalSection
	GlobalSection(ProjectConfigurationPlatforms) = postSolution
		{C2F73D4A-4174-4C7C-B5D4-114C085F2432}.Debug|x64.ActiveCfg = Debug|x64
		{C2F73D4A-4174-4C7C-B5D4-114C085F2432}.Debug|x64.Build.0 = Debug|x64
		{C2F73D4A-4174-4C7C-B5D4-114C085F2432}.Debug|x86.ActiveCfg = Debug|Win32
		{C2F73D4A-4174-4C7C-B5D4-114C085F2432}.Debug|x86.Build.0 = Debug|Win32
		{C2F73D4A-4174-4C7C-B5D4-114C085F2432}.Release|x64.ActiveCfg = Release|x64
		{C2F73D4A-4174-4C7C-B5D4-114C085F2432}.Release|x64.Build.0 = Release|x64
		{C2F73D4A-4174-4C7C-B5D4-114C085F2432}.Release|x86.ActiveCfg = Release|Win32
		{C2F73D4A-4174-4C7C-B5D4-114C085F2432}.Release|x86.Build.0 = Release|Win32
	EndGlobalSection
	GlobalSection(SolutionProperties) = preSolution
		HideSolutionNode = FALSE
	EndGlobalSection
	GlobalSection(ExtensibilityGlobals) = postSolution
		SolutionGuid = {D8C1F998-1764-45E8-AE7A-4D89449E7D2B}
	EndGlobalSection
EndGlobal
