
Microsoft Visual Studio Solution File, Format Version 12.00
# Visual Studio Version 17
VisualStudioVersion = 17.4.33110.190
MinimumVisualStudioVersion = 10.0.40219.1
Project("{8BC9CEB8-8B4A-11D0-8D11-00A0C91BC942}") = "Project91", "Project91\Project91.vcxproj", "{E6566169-01E1-47BB-A2D3-9883C95D8001}"
EndProject
Global
	GlobalSection(SolutionConfigurationPlatforms) = preSolution
		Debug|x64 = Debug|x64
		Debug|x86 = Debug|x86
		Release|x64 = Release|x64
		Release|x86 = Release|x86
	EndGlobalSection
	GlobalSection(ProjectConfigurationPlatforms) = postSolution
		{E6566169-01E1-47BB-A2D3-9883C95D8001}.Debug|x64.ActiveCfg = Debug|x64
		{E6566169-01E1-47BB-A2D3-9883C95D8001}.Debug|x64.Build.0 = Debug|x64
		{E6566169-01E1-47BB-A2D3-9883C95D8001}.Debug|x86.ActiveCfg = Debug|Win32
		{E6566169-01E1-47BB-A2D3-9883C95D8001}.Debug|x86.Build.0 = Debug|Win32
		{E6566169-01E1-47BB-A2D3-9883C95D8001}.Release|x64.ActiveCfg = Release|x64
		{E6566169-01E1-47BB-A2D3-9883C95D8001}.Release|x64.Build.0 = Release|x64
		{E6566169-01E1-47BB-A2D3-9883C95D8001}.Release|x86.ActiveCfg = Release|Win32
		{E6566169-01E1-47BB-A2D3-9883C95D8001}.Release|x86.Build.0 = Release|Win32
	EndGlobalSection
	GlobalSection(SolutionProperties) = preSolution
		HideSolutionNode = FALSE
	EndGlobalSection
	GlobalSection(ExtensibilityGlobals) = postSolution
		SolutionGuid = {3A777818-96F6-4D45-878E-EC703507800E}
	EndGlobalSection
EndGlobal
