
Microsoft Visual Studio Solution File, Format Version 12.00
# Visual Studio Version 17
VisualStudioVersion = 17.4.33110.190
MinimumVisualStudioVersion = 10.0.40219.1
Project("{8BC9CEB8-8B4A-11D0-8D11-00A0C91BC942}") = "wph", "wph\wph.vcxproj", "{EABF9297-D96D-4E69-91FD-9704AAD1B090}"
EndProject
Global
	GlobalSection(SolutionConfigurationPlatforms) = preSolution
		Debug|x64 = Debug|x64
		Debug|x86 = Debug|x86
		Release|x64 = Release|x64
		Release|x86 = Release|x86
	EndGlobalSection
	GlobalSection(ProjectConfigurationPlatforms) = postSolution
		{EABF9297-D96D-4E69-91FD-9704AAD1B090}.Debug|x64.ActiveCfg = Debug|x64
		{EABF9297-D96D-4E69-91FD-9704AAD1B090}.Debug|x64.Build.0 = Debug|x64
		{EABF9297-D96D-4E69-91FD-9704AAD1B090}.Debug|x86.ActiveCfg = Debug|Win32
		{EABF9297-D96D-4E69-91FD-9704AAD1B090}.Debug|x86.Build.0 = Debug|Win32
		{EABF9297-D96D-4E69-91FD-9704AAD1B090}.Release|x64.ActiveCfg = Release|x64
		{EABF9297-D96D-4E69-91FD-9704AAD1B090}.Release|x64.Build.0 = Release|x64
		{EABF9297-D96D-4E69-91FD-9704AAD1B090}.Release|x86.ActiveCfg = Release|Win32
		{EABF9297-D96D-4E69-91FD-9704AAD1B090}.Release|x86.Build.0 = Release|Win32
	EndGlobalSection
	GlobalSection(SolutionProperties) = preSolution
		HideSolutionNode = FALSE
	EndGlobalSection
	GlobalSection(ExtensibilityGlobals) = postSolution
		SolutionGuid = {063C2702-3A17-4DCA-8015-3D99C0498A2A}
	EndGlobalSection
EndGlobal
