
Microsoft Visual Studio Solution File, Format Version 12.00
# Visual Studio Version 17
VisualStudioVersion = 17.4.33110.190
MinimumVisualStudioVersion = 10.0.40219.1
Project("{8BC9CEB8-8B4A-11D0-8D11-00A0C91BC942}") = "Project46", "Project46\Project46.vcxproj", "{A3E8A90D-022D-4433-B4D7-B8CC88805350}"
EndProject
Global
	GlobalSection(SolutionConfigurationPlatforms) = preSolution
		Debug|x64 = Debug|x64
		Debug|x86 = Debug|x86
		Release|x64 = Release|x64
		Release|x86 = Release|x86
	EndGlobalSection
	GlobalSection(ProjectConfigurationPlatforms) = postSolution
		{A3E8A90D-022D-4433-B4D7-B8CC88805350}.Debug|x64.ActiveCfg = Debug|x64
		{A3E8A90D-022D-4433-B4D7-B8CC88805350}.Debug|x64.Build.0 = Debug|x64
		{A3E8A90D-022D-4433-B4D7-B8CC88805350}.Debug|x86.ActiveCfg = Debug|Win32
		{A3E8A90D-022D-4433-B4D7-B8CC88805350}.Debug|x86.Build.0 = Debug|Win32
		{A3E8A90D-022D-4433-B4D7-B8CC88805350}.Release|x64.ActiveCfg = Release|x64
		{A3E8A90D-022D-4433-B4D7-B8CC88805350}.Release|x64.Build.0 = Release|x64
		{A3E8A90D-022D-4433-B4D7-B8CC88805350}.Release|x86.ActiveCfg = Release|Win32
		{A3E8A90D-022D-4433-B4D7-B8CC88805350}.Release|x86.Build.0 = Release|Win32
	EndGlobalSection
	GlobalSection(SolutionProperties) = preSolution
		HideSolutionNode = FALSE
	EndGlobalSection
	GlobalSection(ExtensibilityGlobals) = postSolution
		SolutionGuid = {353B97FC-8014-4C18-A5A4-CB30C5EDBFB9}
	EndGlobalSection
EndGlobal
